<?xml version="1.0" encoding="UTF-8"?>
<!DOCTYPE plist PUBLIC "-//Apple//DTD PLIST 1.0//EN" "http://www.apple.com/DTDs/PropertyList-1.0.dtd">
<plist version="1.0">
<dict>
	<key>archiveVersion</key>
	<string>1</string>
	<key>classes</key>
	<dict/>
	<key>objectVersion</key>
	<string>46</string>
	<key>objects</key>
	<dict>
		<key>2062CD174DA2F5CD7D70B94C</key>
		<dict>
			<key>explicitFileType</key>
			<string>archive.ar</string>
			<key>includeInIndex</key>
			<string>0</string>
			<key>isa</key>
			<string>PBXFileReference</string>
			<key>path</key>
			<string>libPods.a</string>
			<key>sourceTree</key>
			<string>BUILT_PRODUCTS_DIR</string>
		</dict>
		<key>24134E7C184C28890062A115</key>
		<dict>
			<key>isa</key>
			<string>PBXFileReference</string>
			<key>lastKnownFileType</key>
			<string>wrapper.framework</string>
			<key>name</key>
			<string>QuartzCore.framework</string>
			<key>path</key>
			<string>System/Library/Frameworks/QuartzCore.framework</string>
			<key>sourceTree</key>
			<string>SDKROOT</string>
		</dict>
		<key>24134E7D184C28890062A115</key>
		<dict>
			<key>fileRef</key>
			<string>24134E7C184C28890062A115</string>
			<key>isa</key>
			<string>PBXBuildFile</string>
		</dict>
		<key>24134E7E184C28950062A115</key>
		<dict>
			<key>isa</key>
			<string>PBXFileReference</string>
			<key>lastKnownFileType</key>
			<string>wrapper.framework</string>
			<key>name</key>
			<string>CoreMedia.framework</string>
			<key>path</key>
			<string>System/Library/Frameworks/CoreMedia.framework</string>
			<key>sourceTree</key>
			<string>SDKROOT</string>
		</dict>
		<key>24134E7F184C28950062A115</key>
		<dict>
			<key>fileRef</key>
			<string>24134E7E184C28950062A115</string>
			<key>isa</key>
			<string>PBXBuildFile</string>
		</dict>
		<key>24134E80184C289D0062A115</key>
		<dict>
			<key>isa</key>
			<string>PBXFileReference</string>
			<key>lastKnownFileType</key>
			<string>wrapper.framework</string>
			<key>name</key>
			<string>CoreVideo.framework</string>
			<key>path</key>
			<string>System/Library/Frameworks/CoreVideo.framework</string>
			<key>sourceTree</key>
			<string>SDKROOT</string>
		</dict>
		<key>24134E81184C289D0062A115</key>
		<dict>
			<key>fileRef</key>
			<string>24134E80184C289D0062A115</string>
			<key>isa</key>
			<string>PBXBuildFile</string>
		</dict>
		<key>24134E82184C28AD0062A115</key>
		<dict>
			<key>isa</key>
			<string>PBXFileReference</string>
			<key>lastKnownFileType</key>
			<string>compiled.mach-o.dylib</string>
			<key>name</key>
			<string>libiconv.dylib</string>
			<key>path</key>
			<string>usr/lib/libiconv.dylib</string>
			<key>sourceTree</key>
			<string>SDKROOT</string>
		</dict>
		<key>24134E83184C28AD0062A115</key>
		<dict>
			<key>fileRef</key>
			<string>24134E82184C28AD0062A115</string>
			<key>isa</key>
			<string>PBXBuildFile</string>
		</dict>
		<key>2427664F184869F900B2E158</key>
		<dict>
			<key>children</key>
			<array>
				<string>2489438218489614009BFAC3</string>
				<string>2489438318489614009BFAC3</string>
				<string>24276661184869F900B2E158</string>
				<string>2427665A184869F900B2E158</string>
				<string>24276659184869F900B2E158</string>
				<string>CFCCCFEDDE3772102E864225</string>
			</array>
			<key>isa</key>
			<string>PBXGroup</string>
			<key>sourceTree</key>
			<string>&lt;group&gt;</string>
		</dict>
		<key>24276650184869F900B2E158</key>
		<dict>
			<key>attributes</key>
			<dict>
				<key>LastUpgradeCheck</key>
				<string>0500</string>
				<key>ORGANIZATIONNAME</key>
				<string>Steven</string>
			</dict>
			<key>buildConfigurationList</key>
			<string>24276653184869F900B2E158</string>
			<key>compatibilityVersion</key>
			<string>Xcode 3.2</string>
			<key>developmentRegion</key>
			<string>English</string>
			<key>hasScannedForEncodings</key>
			<string>0</string>
			<key>isa</key>
			<string>PBXProject</string>
			<key>knownRegions</key>
			<array>
				<string>en</string>
			</array>
			<key>mainGroup</key>
			<string>2427664F184869F900B2E158</string>
			<key>productRefGroup</key>
			<string>24276659184869F900B2E158</string>
			<key>projectDirPath</key>
			<string></string>
			<key>projectReferences</key>
			<array/>
			<key>projectRoot</key>
			<string></string>
			<key>targets</key>
			<array>
				<string>24276657184869F900B2E158</string>
			</array>
		</dict>
		<key>24276653184869F900B2E158</key>
		<dict>
			<key>buildConfigurations</key>
			<array>
				<string>24276682184869F900B2E158</string>
				<string>24276683184869F900B2E158</string>
			</array>
			<key>defaultConfigurationIsVisible</key>
			<string>0</string>
			<key>defaultConfigurationName</key>
			<string>Release</string>
			<key>isa</key>
			<string>XCConfigurationList</string>
		</dict>
		<key>24276654184869F900B2E158</key>
		<dict>
			<key>buildActionMask</key>
			<string>2147483647</string>
			<key>files</key>
			<array>
				<string>E147D3D61AA046A800AAF93C</string>
				<string>E147D3CE1AA0466F00AAF93C</string>
				<string>E147D3CD1AA0466F00AAF93C</string>
				<string>E147D3CB1AA0466F00AAF93C</string>
			</array>
			<key>isa</key>
			<string>PBXSourcesBuildPhase</string>
			<key>runOnlyForDeploymentPostprocessing</key>
			<string>0</string>
		</dict>
		<key>24276655184869F900B2E158</key>
		<dict>
			<key>buildActionMask</key>
			<string>2147483647</string>
			<key>files</key>
			<array>
				<string>24134E83184C28AD0062A115</string>
				<string>24134E81184C289D0062A115</string>
				<string>24134E7F184C28950062A115</string>
				<string>2427668E18486A3C00B2E158</string>
				<string>24134E7D184C28890062A115</string>
				<string>2427665E184869F900B2E158</string>
				<string>24276660184869F900B2E158</string>
				<string>2427665C184869F900B2E158</string>
				<string>42C8CAFEC8483E36B5E1F11F</string>
			</array>
			<key>isa</key>
			<string>PBXFrameworksBuildPhase</string>
			<key>runOnlyForDeploymentPostprocessing</key>
			<string>0</string>
		</dict>
		<key>24276656184869F900B2E158</key>
		<dict>
			<key>buildActionMask</key>
			<string>2147483647</string>
			<key>files</key>
			<array>
				<string>E147D3D71AA046A800AAF93C</string>
				<string>E147D3CC1AA0466F00AAF93C</string>
				<string>2489438418489614009BFAC3</string>
				<string>2489438518489614009BFAC3</string>
				<string>E147D3D51AA046A800AAF93C</string>
			</array>
			<key>isa</key>
			<string>PBXResourcesBuildPhase</string>
			<key>runOnlyForDeploymentPostprocessing</key>
			<string>0</string>
		</dict>
		<key>24276657184869F900B2E158</key>
		<dict>
			<key>buildConfigurationList</key>
			<string>24276684184869F900B2E158</string>
			<key>buildPhases</key>
			<array>
				<string>D88281D134AA3FDAC76F1215</string>
				<string>24276654184869F900B2E158</string>
				<string>24276655184869F900B2E158</string>
				<string>24276656184869F900B2E158</string>
				<string>E4CA68B2DD7591CFDA73510B</string>
			</array>
			<key>buildRules</key>
			<array/>
			<key>dependencies</key>
			<array/>
			<key>isa</key>
			<string>PBXNativeTarget</string>
			<key>name</key>
			<string>QRCodeProject</string>
			<key>productName</key>
			<string>NewProject</string>
			<key>productReference</key>
			<string>24276658184869F900B2E158</string>
			<key>productType</key>
			<string>com.apple.product-type.application</string>
		</dict>
		<key>24276658184869F900B2E158</key>
		<dict>
			<key>explicitFileType</key>
			<string>wrapper.application</string>
			<key>includeInIndex</key>
			<string>0</string>
			<key>isa</key>
			<string>PBXFileReference</string>
			<key>path</key>
			<string>QRCodeProject.app</string>
			<key>sourceTree</key>
			<string>BUILT_PRODUCTS_DIR</string>
		</dict>
		<key>24276659184869F900B2E158</key>
		<dict>
			<key>children</key>
			<array>
				<string>24276658184869F900B2E158</string>
			</array>
			<key>isa</key>
			<string>PBXGroup</string>
			<key>name</key>
			<string>Products</string>
			<key>sourceTree</key>
			<string>&lt;group&gt;</string>
		</dict>
		<key>2427665A184869F900B2E158</key>
		<dict>
			<key>children</key>
			<array>
				<string>24134E82184C28AD0062A115</string>
				<string>24134E80184C289D0062A115</string>
				<string>24134E7E184C28950062A115</string>
				<string>24134E7C184C28890062A115</string>
				<string>2427668D18486A3C00B2E158</string>
				<string>2427665B184869F900B2E158</string>
				<string>2427665D184869F900B2E158</string>
				<string>2427665F184869F900B2E158</string>
				<string>24276674184869F900B2E158</string>
				<string>2062CD174DA2F5CD7D70B94C</string>
			</array>
			<key>isa</key>
			<string>PBXGroup</string>
			<key>name</key>
			<string>Frameworks</string>
			<key>sourceTree</key>
			<string>&lt;group&gt;</string>
		</dict>
		<key>2427665B184869F900B2E158</key>
		<dict>
			<key>isa</key>
			<string>PBXFileReference</string>
			<key>lastKnownFileType</key>
			<string>wrapper.framework</string>
			<key>name</key>
			<string>Foundation.framework</string>
			<key>path</key>
			<string>System/Library/Frameworks/Foundation.framework</string>
			<key>sourceTree</key>
			<string>SDKROOT</string>
		</dict>
		<key>2427665C184869F900B2E158</key>
		<dict>
			<key>fileRef</key>
			<string>2427665B184869F900B2E158</string>
			<key>isa</key>
			<string>PBXBuildFile</string>
		</dict>
		<key>2427665D184869F900B2E158</key>
		<dict>
			<key>isa</key>
			<string>PBXFileReference</string>
			<key>lastKnownFileType</key>
			<string>wrapper.framework</string>
			<key>name</key>
			<string>CoreGraphics.framework</string>
			<key>path</key>
			<string>System/Library/Frameworks/CoreGraphics.framework</string>
			<key>sourceTree</key>
			<string>SDKROOT</string>
		</dict>
		<key>2427665E184869F900B2E158</key>
		<dict>
			<key>fileRef</key>
			<string>2427665D184869F900B2E158</string>
			<key>isa</key>
			<string>PBXBuildFile</string>
		</dict>
		<key>2427665F184869F900B2E158</key>
		<dict>
			<key>isa</key>
			<string>PBXFileReference</string>
			<key>lastKnownFileType</key>
			<string>wrapper.framework</string>
			<key>name</key>
			<string>UIKit.framework</string>
			<key>path</key>
			<string>System/Library/Frameworks/UIKit.framework</string>
			<key>sourceTree</key>
			<string>SDKROOT</string>
		</dict>
		<key>24276660184869F900B2E158</key>
		<dict>
			<key>fileRef</key>
			<string>2427665F184869F900B2E158</string>
			<key>isa</key>
			<string>PBXBuildFile</string>
		</dict>
		<key>24276661184869F900B2E158</key>
		<dict>
			<key>children</key>
			<array>
				<string>E147D3C41AA0466F00AAF93C</string>
				<string>E147D3C51AA0466F00AAF93C</string>
				<string>E147D3C71AA0466F00AAF93C</string>
				<string>E147D3C81AA0466F00AAF93C</string>
				<string>E147D3C91AA0466F00AAF93C</string>
				<string>E147D3CA1AA0466F00AAF93C</string>
				<string>E147D3C61AA0466F00AAF93C</string>
				<string>24276662184869F900B2E158</string>
			</array>
			<key>isa</key>
			<string>PBXGroup</string>
			<key>name</key>
			<string>QRCodeProject</string>
			<key>path</key>
			<string>NewProject</string>
			<key>sourceTree</key>
			<string>&lt;group&gt;</string>
		</dict>
		<key>24276662184869F900B2E158</key>
		<dict>
			<key>children</key>
			<array>
				<string>E147D3CF1AA046A800AAF93C</string>
				<string>E147D3D21AA046A800AAF93C</string>
				<string>E147D3D31AA046A800AAF93C</string>
				<string>E147D3D41AA046A800AAF93C</string>
			</array>
			<key>isa</key>
			<string>PBXGroup</string>
			<key>name</key>
			<string>Supporting Files</string>
			<key>sourceTree</key>
			<string>&lt;group&gt;</string>
		</dict>
		<key>24276674184869F900B2E158</key>
		<dict>
			<key>isa</key>
			<string>PBXFileReference</string>
			<key>lastKnownFileType</key>
			<string>wrapper.framework</string>
			<key>name</key>
			<string>XCTest.framework</string>
			<key>path</key>
			<string>Library/Frameworks/XCTest.framework</string>
			<key>sourceTree</key>
			<string>DEVELOPER_DIR</string>
		</dict>
		<key>24276682184869F900B2E158</key>
		<dict>
			<key>buildSettings</key>
			<dict>
				<key>ALWAYS_SEARCH_USER_PATHS</key>
				<string>NO</string>
				<key>ARCHS</key>
				<string>$(ARCHS_STANDARD_INCLUDING_64_BIT)</string>
				<key>CLANG_CXX_LANGUAGE_STANDARD</key>
				<string>gnu++0x</string>
				<key>CLANG_CXX_LIBRARY</key>
				<string>libc++</string>
				<key>CLANG_ENABLE_MODULES</key>
				<string>YES</string>
				<key>CLANG_ENABLE_OBJC_ARC</key>
				<string>YES</string>
				<key>CLANG_WARN_BOOL_CONVERSION</key>
				<string>YES</string>
				<key>CLANG_WARN_CONSTANT_CONVERSION</key>
				<string>YES</string>
				<key>CLANG_WARN_DIRECT_OBJC_ISA_USAGE</key>
				<string>YES_ERROR</string>
				<key>CLANG_WARN_EMPTY_BODY</key>
				<string>YES</string>
				<key>CLANG_WARN_ENUM_CONVERSION</key>
				<string>YES</string>
				<key>CLANG_WARN_INT_CONVERSION</key>
				<string>YES</string>
				<key>CLANG_WARN_OBJC_ROOT_CLASS</key>
				<string>YES_ERROR</string>
				<key>CLANG_WARN__DUPLICATE_METHOD_MATCH</key>
				<string>YES</string>
				<key>CODE_SIGN_IDENTITY[sdk=iphoneos*]</key>
				<string>iPhone Developer</string>
				<key>COPY_PHASE_STRIP</key>
				<string>NO</string>
				<key>GCC_C_LANGUAGE_STANDARD</key>
				<string>gnu99</string>
				<key>GCC_DYNAMIC_NO_PIC</key>
				<string>NO</string>
				<key>GCC_OPTIMIZATION_LEVEL</key>
				<string>0</string>
				<key>GCC_PREPROCESSOR_DEFINITIONS</key>
				<array>
					<string>DEBUG=1</string>
					<string>$(inherited)</string>
				</array>
				<key>GCC_SYMBOLS_PRIVATE_EXTERN</key>
				<string>NO</string>
				<key>GCC_WARN_64_TO_32_BIT_CONVERSION</key>
				<string>YES</string>
				<key>GCC_WARN_ABOUT_RETURN_TYPE</key>
				<string>YES_ERROR</string>
				<key>GCC_WARN_UNDECLARED_SELECTOR</key>
				<string>YES</string>
				<key>GCC_WARN_UNINITIALIZED_AUTOS</key>
				<string>YES</string>
				<key>GCC_WARN_UNUSED_FUNCTION</key>
				<string>YES</string>
				<key>GCC_WARN_UNUSED_VARIABLE</key>
				<string>YES</string>
				<key>IPHONEOS_DEPLOYMENT_TARGET</key>
				<string>6.0</string>
				<key>ONLY_ACTIVE_ARCH</key>
				<string>YES</string>
				<key>SDKROOT</key>
				<string>iphoneos</string>
				<key>TARGETED_DEVICE_FAMILY</key>
				<string>1,2</string>
			</dict>
			<key>isa</key>
			<string>XCBuildConfiguration</string>
			<key>name</key>
			<string>Debug</string>
		</dict>
		<key>24276683184869F900B2E158</key>
		<dict>
			<key>buildSettings</key>
			<dict>
				<key>ALWAYS_SEARCH_USER_PATHS</key>
				<string>NO</string>
				<key>ARCHS</key>
				<string>$(ARCHS_STANDARD_INCLUDING_64_BIT)</string>
				<key>CLANG_CXX_LANGUAGE_STANDARD</key>
				<string>gnu++0x</string>
				<key>CLANG_CXX_LIBRARY</key>
				<string>libc++</string>
				<key>CLANG_ENABLE_MODULES</key>
				<string>YES</string>
				<key>CLANG_ENABLE_OBJC_ARC</key>
				<string>YES</string>
				<key>CLANG_WARN_BOOL_CONVERSION</key>
				<string>YES</string>
				<key>CLANG_WARN_CONSTANT_CONVERSION</key>
				<string>YES</string>
				<key>CLANG_WARN_DIRECT_OBJC_ISA_USAGE</key>
				<string>YES_ERROR</string>
				<key>CLANG_WARN_EMPTY_BODY</key>
				<string>YES</string>
				<key>CLANG_WARN_ENUM_CONVERSION</key>
				<string>YES</string>
				<key>CLANG_WARN_INT_CONVERSION</key>
				<string>YES</string>
				<key>CLANG_WARN_OBJC_ROOT_CLASS</key>
				<string>YES_ERROR</string>
				<key>CLANG_WARN__DUPLICATE_METHOD_MATCH</key>
				<string>YES</string>
				<key>CODE_SIGN_IDENTITY[sdk=iphoneos*]</key>
				<string>iPhone Developer</string>
				<key>COPY_PHASE_STRIP</key>
				<string>YES</string>
				<key>ENABLE_NS_ASSERTIONS</key>
				<string>NO</string>
				<key>GCC_C_LANGUAGE_STANDARD</key>
				<string>gnu99</string>
				<key>GCC_WARN_64_TO_32_BIT_CONVERSION</key>
				<string>YES</string>
				<key>GCC_WARN_ABOUT_RETURN_TYPE</key>
				<string>YES_ERROR</string>
				<key>GCC_WARN_UNDECLARED_SELECTOR</key>
				<string>YES</string>
				<key>GCC_WARN_UNINITIALIZED_AUTOS</key>
				<string>YES</string>
				<key>GCC_WARN_UNUSED_FUNCTION</key>
				<string>YES</string>
				<key>GCC_WARN_UNUSED_VARIABLE</key>
				<string>YES</string>
				<key>IPHONEOS_DEPLOYMENT_TARGET</key>
				<string>6.0</string>
				<key>SDKROOT</key>
				<string>iphoneos</string>
				<key>TARGETED_DEVICE_FAMILY</key>
				<string>1,2</string>
				<key>VALIDATE_PRODUCT</key>
				<string>YES</string>
			</dict>
			<key>isa</key>
			<string>XCBuildConfiguration</string>
			<key>name</key>
			<string>Release</string>
		</dict>
		<key>24276684184869F900B2E158</key>
		<dict>
			<key>buildConfigurations</key>
			<array>
				<string>24276685184869F900B2E158</string>
				<string>24276686184869F900B2E158</string>
			</array>
			<key>defaultConfigurationIsVisible</key>
			<string>0</string>
			<key>defaultConfigurationName</key>
			<string>Release</string>
			<key>isa</key>
			<string>XCConfigurationList</string>
		</dict>
		<key>24276685184869F900B2E158</key>
		<dict>
			<key>baseConfigurationReference</key>
			<string>6AEC2DB4599C468FAB90922C</string>
			<key>buildSettings</key>
			<dict>
				<key>ARCHS</key>
				<string>$(ARCHS_STANDARD)</string>
				<key>ASSETCATALOG_COMPILER_APPICON_NAME</key>
				<string>AppIcon</string>
				<key>ASSETCATALOG_COMPILER_LAUNCHIMAGE_NAME</key>
				<string>LaunchImage</string>
				<key>CODE_SIGN_IDENTITY[sdk=iphoneos*]</key>
				<string>iPhone Developer: Sixue Zhang (68MMUSAY3Y)</string>
				<key>GCC_PRECOMPILE_PREFIX_HEADER</key>
				<string>YES</string>
				<key>GCC_PREFIX_HEADER</key>
				<string>QRCodeProject/QRCodeProject-Prefix.pch</string>
				<key>INFOPLIST_FILE</key>
				<string>$(SRCROOT)/QRCodeProject/QRCodeProject-Info.plist</string>
				<key>IPHONEOS_DEPLOYMENT_TARGET</key>
				<string>6.0</string>
				<key>LIBRARY_SEARCH_PATHS</key>
				<array>
					<string>$(inherited)</string>
					<string>$(PROJECT_DIR)/ZBarSDK</string>
				</array>
				<key>PRODUCT_NAME</key>
				<string>QRCodeProject</string>
				<key>PROVISIONING_PROFILE</key>
				<string>422ea079-090c-4e0c-b227-40ee4587b64e</string>
				<key>VALID_ARCHS</key>
				<string>armv7 armv7s</string>
				<key>WRAPPER_EXTENSION</key>
				<string>app</string>
			</dict>
			<key>isa</key>
			<string>XCBuildConfiguration</string>
			<key>name</key>
			<string>Debug</string>
		</dict>
		<key>24276686184869F900B2E158</key>
		<dict>
			<key>baseConfigurationReference</key>
			<string>79CC68D233B540FA801C2B77</string>
			<key>buildSettings</key>
			<dict>
				<key>ARCHS</key>
				<string>$(ARCHS_STANDARD)</string>
				<key>ASSETCATALOG_COMPILER_APPICON_NAME</key>
				<string>AppIcon</string>
				<key>ASSETCATALOG_COMPILER_LAUNCHIMAGE_NAME</key>
				<string>LaunchImage</string>
				<key>CODE_SIGN_IDENTITY[sdk=iphoneos*]</key>
				<string>iPhone Developer: Sixue Zhang (68MMUSAY3Y)</string>
				<key>GCC_PRECOMPILE_PREFIX_HEADER</key>
				<string>YES</string>
				<key>GCC_PREFIX_HEADER</key>
				<string>QRCodeProject/QRCodeProject-Prefix.pch</string>
				<key>INFOPLIST_FILE</key>
				<string>$(SRCROOT)/QRCodeProject/QRCodeProject-Info.plist</string>
				<key>IPHONEOS_DEPLOYMENT_TARGET</key>
				<string>6.0</string>
				<key>LIBRARY_SEARCH_PATHS</key>
				<array>
					<string>$(inherited)</string>
					<string>$(PROJECT_DIR)/ZBarSDK</string>
				</array>
				<key>PRODUCT_NAME</key>
				<string>QRCodeProject</string>
				<key>PROVISIONING_PROFILE</key>
				<string>422ea079-090c-4e0c-b227-40ee4587b64e</string>
				<key>VALID_ARCHS</key>
				<string>armv7 armv7s</string>
				<key>WRAPPER_EXTENSION</key>
				<string>app</string>
			</dict>
			<key>isa</key>
			<string>XCBuildConfiguration</string>
			<key>name</key>
			<string>Release</string>
		</dict>
		<key>2427668D18486A3C00B2E158</key>
		<dict>
			<key>isa</key>
			<string>PBXFileReference</string>
			<key>lastKnownFileType</key>
			<string>wrapper.framework</string>
			<key>name</key>
			<string>AVFoundation.framework</string>
			<key>path</key>
			<string>System/Library/Frameworks/AVFoundation.framework</string>
			<key>sourceTree</key>
			<string>SDKROOT</string>
		</dict>
		<key>2427668E18486A3C00B2E158</key>
		<dict>
			<key>fileRef</key>
			<string>2427668D18486A3C00B2E158</string>
			<key>isa</key>
			<string>PBXBuildFile</string>
		</dict>
		<key>2489438218489614009BFAC3</key>
		<dict>
			<key>isa</key>
			<string>PBXFileReference</string>
			<key>lastKnownFileType</key>
			<string>image.png</string>
			<key>path</key>
			<string>line@2x.png</string>
			<key>sourceTree</key>
			<string>&lt;group&gt;</string>
		</dict>
		<key>2489438318489614009BFAC3</key>
		<dict>
			<key>isa</key>
			<string>PBXFileReference</string>
			<key>lastKnownFileType</key>
			<string>image.png</string>
			<key>path</key>
			<string>pick_bg@2x.png</string>
			<key>sourceTree</key>
			<string>&lt;group&gt;</string>
		</dict>
		<key>2489438418489614009BFAC3</key>
		<dict>
			<key>fileRef</key>
			<string>2489438218489614009BFAC3</string>
			<key>isa</key>
			<string>PBXBuildFile</string>
		</dict>
		<key>2489438518489614009BFAC3</key>
		<dict>
			<key>fileRef</key>
			<string>2489438318489614009BFAC3</string>
			<key>isa</key>
			<string>PBXBuildFile</string>
		</dict>
		<key>42C8CAFEC8483E36B5E1F11F</key>
		<dict>
			<key>fileRef</key>
			<string>2062CD174DA2F5CD7D70B94C</string>
			<key>isa</key>
			<string>PBXBuildFile</string>
		</dict>
		<key>6AEC2DB4599C468FAB90922C</key>
		<dict>
			<key>includeInIndex</key>
			<string>1</string>
			<key>isa</key>
			<string>PBXFileReference</string>
			<key>lastKnownFileType</key>
			<string>text.xcconfig</string>
			<key>name</key>
			<string>Pods.debug.xcconfig</string>
			<key>path</key>
			<string>Pods/Target Support Files/Pods/Pods.debug.xcconfig</string>
			<key>sourceTree</key>
			<string>&lt;group&gt;</string>
		</dict>
		<key>79CC68D233B540FA801C2B77</key>
		<dict>
			<key>includeInIndex</key>
			<string>1</string>
			<key>isa</key>
			<string>PBXFileReference</string>
			<key>lastKnownFileType</key>
			<string>text.xcconfig</string>
			<key>name</key>
			<string>Pods.release.xcconfig</string>
			<key>path</key>
			<string>Pods/Target Support Files/Pods/Pods.release.xcconfig</string>
			<key>sourceTree</key>
			<string>&lt;group&gt;</string>
		</dict>
		<key>CFCCCFEDDE3772102E864225</key>
		<dict>
			<key>children</key>
			<array>
				<string>6AEC2DB4599C468FAB90922C</string>
				<string>79CC68D233B540FA801C2B77</string>
			</array>
			<key>isa</key>
			<string>PBXGroup</string>
			<key>name</key>
			<string>Pods</string>
			<key>sourceTree</key>
			<string>&lt;group&gt;</string>
		</dict>
		<key>D88281D134AA3FDAC76F1215</key>
		<dict>
			<key>buildActionMask</key>
			<string>2147483647</string>
			<key>files</key>
			<array/>
			<key>inputPaths</key>
			<array/>
			<key>isa</key>
			<string>PBXShellScriptBuildPhase</string>
			<key>name</key>
			<string>Check Pods Manifest.lock</string>
			<key>outputPaths</key>
			<array/>
			<key>runOnlyForDeploymentPostprocessing</key>
			<string>0</string>
			<key>shellPath</key>
			<string>/bin/sh</string>
			<key>shellScript</key>
			<string>diff "${PODS_ROOT}/../Podfile.lock" "${PODS_ROOT}/Manifest.lock" &gt; /dev/null
if [[ $? != 0 ]] ; then
    cat &lt;&lt; EOM
error: The sandbox is not in sync with the Podfile.lock. Run 'pod install' or update your CocoaPods installation.
EOM
    exit 1
fi
</string>
			<key>showEnvVarsInLog</key>
			<string>0</string>
		</dict>
		<key>E147D3C41AA0466F00AAF93C</key>
		<dict>
			<key>fileEncoding</key>
			<string>4</string>
			<key>isa</key>
			<string>PBXFileReference</string>
			<key>lastKnownFileType</key>
			<string>sourcecode.c.h</string>
			<key>name</key>
			<string>AppDelegate.h</string>
			<key>path</key>
			<string>QRCodeProject/AppDelegate.h</string>
			<key>sourceTree</key>
			<string>SOURCE_ROOT</string>
		</dict>
		<key>E147D3C51AA0466F00AAF93C</key>
		<dict>
			<key>fileEncoding</key>
			<string>4</string>
			<key>isa</key>
			<string>PBXFileReference</string>
			<key>lastKnownFileType</key>
			<string>sourcecode.c.objc</string>
			<key>name</key>
			<string>AppDelegate.m</string>
			<key>path</key>
			<string>QRCodeProject/AppDelegate.m</string>
			<key>sourceTree</key>
			<string>SOURCE_ROOT</string>
		</dict>
		<key>E147D3C61AA0466F00AAF93C</key>
		<dict>
			<key>isa</key>
			<string>PBXFileReference</string>
			<key>lastKnownFileType</key>
			<string>folder.assetcatalog</string>
			<key>name</key>
			<string>Images.xcassets</string>
			<key>path</key>
			<string>QRCodeProject/Images.xcassets</string>
			<key>sourceTree</key>
			<string>SOURCE_ROOT</string>
		</dict>
		<key>E147D3C71AA0466F00AAF93C</key>
		<dict>
			<key>fileEncoding</key>
			<string>4</string>
			<key>isa</key>
			<string>PBXFileReference</string>
			<key>lastKnownFileType</key>
			<string>sourcecode.c.h</string>
			<key>name</key>
			<string>RootViewController.h</string>
			<key>path</key>
			<string>QRCodeProject/RootViewController.h</string>
			<key>sourceTree</key>
			<string>SOURCE_ROOT</string>
		</dict>
		<key>E147D3C81AA0466F00AAF93C</key>
		<dict>
			<key>fileEncoding</key>
			<string>4</string>
			<key>isa</key>
			<string>PBXFileReference</string>
			<key>lastKnownFileType</key>
			<string>sourcecode.c.objc</string>
			<key>name</key>
			<string>RootViewController.m</string>
			<key>path</key>
			<string>QRCodeProject/RootViewController.m</string>
			<key>sourceTree</key>
			<string>SOURCE_ROOT</string>
		</dict>
		<key>E147D3C91AA0466F00AAF93C</key>
		<dict>
			<key>fileEncoding</key>
			<string>4</string>
			<key>isa</key>
			<string>PBXFileReference</string>
			<key>lastKnownFileType</key>
			<string>sourcecode.c.h</string>
			<key>name</key>
			<string>ViewController.h</string>
			<key>path</key>
			<string>QRCodeProject/ViewController.h</string>
			<key>sourceTree</key>
			<string>SOURCE_ROOT</string>
		</dict>
		<key>E147D3CA1AA0466F00AAF93C</key>
		<dict>
			<key>fileEncoding</key>
			<string>4</string>
			<key>isa</key>
			<string>PBXFileReference</string>
			<key>lastKnownFileType</key>
			<string>sourcecode.c.objc</string>
			<key>name</key>
			<string>ViewController.m</string>
			<key>path</key>
			<string>QRCodeProject/ViewController.m</string>
			<key>sourceTree</key>
			<string>SOURCE_ROOT</string>
		</dict>
		<key>E147D3CB1AA0466F00AAF93C</key>
		<dict>
			<key>fileRef</key>
			<string>E147D3C51AA0466F00AAF93C</string>
			<key>isa</key>
			<string>PBXBuildFile</string>
		</dict>
		<key>E147D3CC1AA0466F00AAF93C</key>
		<dict>
			<key>fileRef</key>
			<string>E147D3C61AA0466F00AAF93C</string>
			<key>isa</key>
			<string>PBXBuildFile</string>
		</dict>
		<key>E147D3CD1AA0466F00AAF93C</key>
		<dict>
			<key>fileRef</key>
			<string>E147D3C81AA0466F00AAF93C</string>
			<key>isa</key>
			<string>PBXBuildFile</string>
		</dict>
		<key>E147D3CE1AA0466F00AAF93C</key>
		<dict>
			<key>fileRef</key>
			<string>E147D3CA1AA0466F00AAF93C</string>
			<key>isa</key>
			<string>PBXBuildFile</string>
		</dict>
		<key>E147D3CF1AA046A800AAF93C</key>
		<dict>
			<key>children</key>
			<array>
				<string>E147D3D01AA046A800AAF93C</string>
			</array>
			<key>isa</key>
			<string>PBXGroup</string>
			<key>name</key>
			<string>en.lproj</string>
			<key>path</key>
			<string>QRCodeProject/en.lproj</string>
			<key>sourceTree</key>
			<string>SOURCE_ROOT</string>
		</dict>
		<key>E147D3D01AA046A800AAF93C</key>
		<dict>
			<key>children</key>
			<array>
				<string>E147D3D11AA046A800AAF93C</string>
			</array>
			<key>isa</key>
			<string>PBXVariantGroup</string>
			<key>name</key>
			<string>InfoPlist.strings</string>
			<key>sourceTree</key>
			<string>&lt;group&gt;</string>
		</dict>
		<key>E147D3D11AA046A800AAF93C</key>
		<dict>
			<key>isa</key>
			<string>PBXFileReference</string>
			<key>lastKnownFileType</key>
			<string>text.plist.strings</string>
			<key>name</key>
			<string>en</string>
			<key>path</key>
			<string>InfoPlist.strings</string>
			<key>sourceTree</key>
			<string>&lt;group&gt;</string>
		</dict>
		<key>E147D3D21AA046A800AAF93C</key>
		<dict>
			<key>fileEncoding</key>
			<string>4</string>
			<key>isa</key>
			<string>PBXFileReference</string>
			<key>lastKnownFileType</key>
			<string>sourcecode.c.objc</string>
			<key>name</key>
			<string>main.m</string>
			<key>path</key>
			<string>QRCodeProject/main.m</string>
			<key>sourceTree</key>
			<string>SOURCE_ROOT</string>
		</dict>
		<key>E147D3D31AA046A800AAF93C</key>
		<dict>
			<key>fileEncoding</key>
			<string>4</string>
			<key>isa</key>
			<string>PBXFileReference</string>
			<key>lastKnownFileType</key>
			<string>text.plist.xml</string>
			<key>name</key>
			<string>QRCodeProject-Info.plist</string>
			<key>path</key>
			<string>QRCodeProject/QRCodeProject-Info.plist</string>
			<key>sourceTree</key>
			<string>SOURCE_ROOT</string>
		</dict>
		<key>E147D3D41AA046A800AAF93C</key>
		<dict>
			<key>fileEncoding</key>
			<string>4</string>
			<key>isa</key>
			<string>PBXFileReference</string>
			<key>lastKnownFileType</key>
			<string>sourcecode.c.h</string>
			<key>name</key>
			<string>QRCodeProject-Prefix.pch</string>
			<key>path</key>
			<string>QRCodeProject/QRCodeProject-Prefix.pch</string>
			<key>sourceTree</key>
			<string>SOURCE_ROOT</string>
		</dict>
		<key>E147D3D51AA046A800AAF93C</key>
		<dict>
			<key>fileRef</key>
			<string>E147D3D01AA046A800AAF93C</string>
			<key>isa</key>
			<string>PBXBuildFile</string>
		</dict>
		<key>E147D3D61AA046A800AAF93C</key>
		<dict>
			<key>fileRef</key>
			<string>E147D3D21AA046A800AAF93C</string>
			<key>isa</key>
			<string>PBXBuildFile</string>
		</dict>
		<key>E147D3D71AA046A800AAF93C</key>
		<dict>
			<key>fileRef</key>
			<string>E147D3D31AA046A800AAF93C</string>
			<key>isa</key>
			<string>PBXBuildFile</string>
		</dict>
		<key>E4CA68B2DD7591CFDA73510B</key>
		<dict>
			<key>buildActionMask</key>
			<string>2147483647</string>
			<key>files</key>
			<array/>
			<key>inputPaths</key>
			<array/>
			<key>isa</key>
			<string>PBXShellScriptBuildPhase</string>
			<key>name</key>
			<string>Copy Pods Resources</string>
			<key>outputPaths</key>
			<array/>
			<key>runOnlyForDeploymentPostprocessing</key>
			<string>0</string>
			<key>shellPath</key>
			<string>/bin/sh</string>
			<key>shellScript</key>
			<string>"${SRCROOT}/Pods/Target Support Files/Pods/Pods-resources.sh"
</string>
			<key>showEnvVarsInLog</key>
			<string>0</string>
		</dict>
	</dict>
	<key>rootObject</key>
	<string>24276650184869F900B2E158</string>
</dict>
</plist>
